
Microsoft Visual Studio Solution File, Format Version 12.00
# Visual Studio Version 16
VisualStudioVersion = 16.0.32630.194
MinimumVisualStudioVersion = 10.0.40219.1
Project("{FAE04EC0-301F-11D3-BF4B-00C04F79EFBC}") = "AnalyzerProject", "AnalyzerProject.csproj", "{FF7DEB3A-7FAE-4C0D-8DF2-F012DB32CE64}"
EndProject
Global
	GlobalSection(SolutionConfigurationPlatforms) = preSolution
		Debug|Any CPU = Debug|Any CPU
		Release|Any CPU = Release|Any CPU
	EndGlobalSection
	GlobalSection(ProjectConfigurationPlatforms) = postSolution
		{FF7DEB3A-7FAE-4C0D-8DF2-F012DB32CE64}.Debug|Any CPU.ActiveCfg = Debug|Any CPU
		{FF7DEB3A-7FAE-4C0D-8DF2-F012DB32CE64}.Debug|Any CPU.Build.0 = Debug|Any CPU
		{FF7DEB3A-7FAE-4C0D-8DF2-F012DB32CE64}.Release|Any CPU.ActiveCfg = Release|Any CPU
		{FF7DEB3A-7FAE-4C0D-8DF2-F012DB32CE64}.Release|Any CPU.Build.0 = Release|Any CPU
	EndGlobalSection
	GlobalSection(SolutionProperties) = preSolution
		HideSolutionNode = FALSE
	EndGlobalSection
	GlobalSection(ExtensibilityGlobals) = postSolution
		SolutionGuid = {09FBEB35-9EF6-4A9C-A31B-3116E028CD79}
	EndGlobalSection
EndGlobal
